
Microsoft Visual Studio Solution File, Format Version 12.00
# Visual Studio Version 17
VisualStudioVersion = 17.5.33516.290
MinimumVisualStudioVersion = 10.0.40219.1
Project("{9A19103F-16F7-4668-BE54-9A1E7A4F7556}") = "PublicApi", "EduApi\PublicApi.csproj", "{7BAE8DF7-CCAA-47AA-9DB5-439FCE9314D6}"
EndProject
Project("{9A19103F-16F7-4668-BE54-9A1E7A4F7556}") = "Model", "Model\Model.csproj", "{71EDC843-B7FC-4CD9-AF76-5CE03C990669}"
EndProject
Project("{9A19103F-16F7-4668-BE54-9A1E7A4F7556}") = "Core", "Core\Core.csproj", "{2631AAEC-1CB4-4B0E-B986-594C0BC94694}"
EndProject
Project("{9A19103F-16F7-4668-BE54-9A1E7A4F7556}") = "Repository", "EduRepository\Repository.csproj", "{4437F5E1-D04B-4FEC-A26A-105226846751}"
EndProject
Project("{9A19103F-16F7-4668-BE54-9A1E7A4F7556}") = "Integration", "Integration\Integration.csproj", "{D9EBF62A-CBA7-4467-81C4-08E6E9E1B3FC}"
EndProject
Project("{2150E333-8FDC-42A3-9474-1A3956D46DE8}") = "Common", "Common", "{CDF967FC-DCC5-4259-A34E-BE9450577EDC}"
EndProject
Project("{2150E333-8FDC-42A3-9474-1A3956D46DE8}") = "ApplicationCore", "ApplicationCore", "{EA9BC5F8-6F64-4777-804B-9F207BBF05BA}"
EndProject
Project("{9A19103F-16F7-4668-BE54-9A1E7A4F7556}") = "OrganizationService", "OrganizationService\OrganizationService.csproj", "{0191BDF5-5894-493C-BB60-982D4182D72E}"
EndProject
Project("{9A19103F-16F7-4668-BE54-9A1E7A4F7556}") = "CourseService", "CourseService\CourseService.csproj", "{32CB6F4D-41A9-48A1-9F0A-41328FFA523F}"
EndProject
Project("{9A19103F-16F7-4668-BE54-9A1E7A4F7556}") = "CourseMaterialService", "CourseMaterialService\CourseMaterialService.csproj", "{F9E4BAF5-BFB9-4747-A470-4198FC6EB5C9}"
EndProject
Project("{9A19103F-16F7-4668-BE54-9A1E7A4F7556}") = "PageService", "PageService\PageService.csproj", "{3C750941-3924-48B1-B601-D26B073E3B63}"
EndProject
Project("{9A19103F-16F7-4668-BE54-9A1E7A4F7556}") = "UserService", "UserService\UserService.csproj", "{31B2717E-C0F5-4F14-9950-1A9B42127C30}"
EndProject
Project("{9A19103F-16F7-4668-BE54-9A1E7A4F7556}") = "HangfireService", "HangfireService\HangfireService.csproj", "{12B1285E-1909-406D-9C6C-1D65CB454834}"
EndProject
Project("{2150E333-8FDC-42A3-9474-1A3956D46DE8}") = "Admin", "Admin", "{3D523F60-7F85-426D-A5B0-CECE876D11F2}"
EndProject
Project("{2150E333-8FDC-42A3-9474-1A3956D46DE8}") = "Client", "Client", "{329B615A-A036-4278-827E-029C86839FB8}"
EndProject
Project("{9A19103F-16F7-4668-BE54-9A1E7A4F7556}") = "BankOfQuestionService", "BankOfQuestionService\BankOfQuestionService.csproj", "{22248174-D48C-4FC5-BB0C-DC9C68C48697}"
EndProject
Project("{9A19103F-16F7-4668-BE54-9A1E7A4F7556}") = "SetupService", "SetupService\SetupService.csproj", "{49894527-C044-4C77-B415-607574C98669}"
EndProject
Project("{9A19103F-16F7-4668-BE54-9A1E7A4F7556}") = "AdminService", "AdminService\AdminService.csproj", "{48C5ADCD-0CC1-499D-BE8F-B7744F6B0C56}"
EndProject
Project("{9A19103F-16F7-4668-BE54-9A1E7A4F7556}") = "CodebookService", "CodebookService\CodebookService.csproj", "{D80C7BF7-AE4F-4D4C-8012-93E51045FD6C}"
EndProject
Project("{9A19103F-16F7-4668-BE54-9A1E7A4F7556}") = "CourseStudyService", "CourseStudyService\CourseStudyService.csproj", "{3846A9E6-2011-46EC-BBF7-92A28554D4C8}"
EndProject
Project("{9A19103F-16F7-4668-BE54-9A1E7A4F7556}") = "SystemServices", "EduServices\SystemServices.csproj", "{B7EAA77B-3624-4458-99BD-55C1B57F246B}"
EndProject
Project("{9A19103F-16F7-4668-BE54-9A1E7A4F7556}") = "AdminApi", "AdminApi\AdminApi.csproj", "{72E976C6-BE63-41BE-B432-08E5747D59A7}"
EndProject
Project("{9A19103F-16F7-4668-BE54-9A1E7A4F7556}") = "SetupApi", "SetupApi\SetupApi.csproj", "{B010EA00-4CD4-4ABE-979C-7545735DE69F}"
EndProject
Project("{9A19103F-16F7-4668-BE54-9A1E7A4F7556}") = "BankOfQuestionApi", "BankOfQuestionApi\BankOfQuestionApi.csproj", "{CC794C31-313A-484E-8CA8-6550E321D2A5}"
EndProject
Project("{9A19103F-16F7-4668-BE54-9A1E7A4F7556}") = "UserApi", "UserApi\UserApi.csproj", "{27D5B0E1-0F17-4CAB-B804-4C18985E0519}"
EndProject
Project("{9A19103F-16F7-4668-BE54-9A1E7A4F7556}") = "CodebookApi", "CodebookApi\CodebookApi.csproj", "{69BD6C5C-719C-4CD2-829A-EC41EC4BB033}"
EndProject
Project("{9A19103F-16F7-4668-BE54-9A1E7A4F7556}") = "HangfireApi", "HangfireApi\HangfireApi.csproj", "{18D1F41B-5C40-4FC4-B4E7-4E04093363F4}"
EndProject
Global
	GlobalSection(SolutionConfigurationPlatforms) = preSolution
		Debug|Any CPU = Debug|Any CPU
		Release|Any CPU = Release|Any CPU
	EndGlobalSection
	GlobalSection(ProjectConfigurationPlatforms) = postSolution
		{7BAE8DF7-CCAA-47AA-9DB5-439FCE9314D6}.Debug|Any CPU.ActiveCfg = Debug|Any CPU
		{7BAE8DF7-CCAA-47AA-9DB5-439FCE9314D6}.Debug|Any CPU.Build.0 = Debug|Any CPU
		{7BAE8DF7-CCAA-47AA-9DB5-439FCE9314D6}.Release|Any CPU.ActiveCfg = Release|Any CPU
		{7BAE8DF7-CCAA-47AA-9DB5-439FCE9314D6}.Release|Any CPU.Build.0 = Release|Any CPU
		{71EDC843-B7FC-4CD9-AF76-5CE03C990669}.Debug|Any CPU.ActiveCfg = Debug|Any CPU
		{71EDC843-B7FC-4CD9-AF76-5CE03C990669}.Debug|Any CPU.Build.0 = Debug|Any CPU
		{71EDC843-B7FC-4CD9-AF76-5CE03C990669}.Release|Any CPU.ActiveCfg = Release|Any CPU
		{71EDC843-B7FC-4CD9-AF76-5CE03C990669}.Release|Any CPU.Build.0 = Release|Any CPU
		{2631AAEC-1CB4-4B0E-B986-594C0BC94694}.Debug|Any CPU.ActiveCfg = Debug|Any CPU
		{2631AAEC-1CB4-4B0E-B986-594C0BC94694}.Debug|Any CPU.Build.0 = Debug|Any CPU
		{2631AAEC-1CB4-4B0E-B986-594C0BC94694}.Release|Any CPU.ActiveCfg = Release|Any CPU
		{2631AAEC-1CB4-4B0E-B986-594C0BC94694}.Release|Any CPU.Build.0 = Release|Any CPU
		{4437F5E1-D04B-4FEC-A26A-105226846751}.Debug|Any CPU.ActiveCfg = Debug|Any CPU
		{4437F5E1-D04B-4FEC-A26A-105226846751}.Debug|Any CPU.Build.0 = Debug|Any CPU
		{4437F5E1-D04B-4FEC-A26A-105226846751}.Release|Any CPU.ActiveCfg = Release|Any CPU
		{4437F5E1-D04B-4FEC-A26A-105226846751}.Release|Any CPU.Build.0 = Release|Any CPU
		{D9EBF62A-CBA7-4467-81C4-08E6E9E1B3FC}.Debug|Any CPU.ActiveCfg = Debug|Any CPU
		{D9EBF62A-CBA7-4467-81C4-08E6E9E1B3FC}.Debug|Any CPU.Build.0 = Debug|Any CPU
		{D9EBF62A-CBA7-4467-81C4-08E6E9E1B3FC}.Release|Any CPU.ActiveCfg = Release|Any CPU
		{D9EBF62A-CBA7-4467-81C4-08E6E9E1B3FC}.Release|Any CPU.Build.0 = Release|Any CPU
		{0191BDF5-5894-493C-BB60-982D4182D72E}.Debug|Any CPU.ActiveCfg = Debug|Any CPU
		{0191BDF5-5894-493C-BB60-982D4182D72E}.Debug|Any CPU.Build.0 = Debug|Any CPU
		{0191BDF5-5894-493C-BB60-982D4182D72E}.Release|Any CPU.ActiveCfg = Release|Any CPU
		{0191BDF5-5894-493C-BB60-982D4182D72E}.Release|Any CPU.Build.0 = Release|Any CPU
		{32CB6F4D-41A9-48A1-9F0A-41328FFA523F}.Debug|Any CPU.ActiveCfg = Debug|Any CPU
		{32CB6F4D-41A9-48A1-9F0A-41328FFA523F}.Debug|Any CPU.Build.0 = Debug|Any CPU
		{32CB6F4D-41A9-48A1-9F0A-41328FFA523F}.Release|Any CPU.ActiveCfg = Release|Any CPU
		{32CB6F4D-41A9-48A1-9F0A-41328FFA523F}.Release|Any CPU.Build.0 = Release|Any CPU
		{F9E4BAF5-BFB9-4747-A470-4198FC6EB5C9}.Debug|Any CPU.ActiveCfg = Debug|Any CPU
		{F9E4BAF5-BFB9-4747-A470-4198FC6EB5C9}.Debug|Any CPU.Build.0 = Debug|Any CPU
		{F9E4BAF5-BFB9-4747-A470-4198FC6EB5C9}.Release|Any CPU.ActiveCfg = Release|Any CPU
		{F9E4BAF5-BFB9-4747-A470-4198FC6EB5C9}.Release|Any CPU.Build.0 = Release|Any CPU
		{3C750941-3924-48B1-B601-D26B073E3B63}.Debug|Any CPU.ActiveCfg = Debug|Any CPU
		{3C750941-3924-48B1-B601-D26B073E3B63}.Debug|Any CPU.Build.0 = Debug|Any CPU
		{3C750941-3924-48B1-B601-D26B073E3B63}.Release|Any CPU.ActiveCfg = Release|Any CPU
		{3C750941-3924-48B1-B601-D26B073E3B63}.Release|Any CPU.Build.0 = Release|Any CPU
		{31B2717E-C0F5-4F14-9950-1A9B42127C30}.Debug|Any CPU.ActiveCfg = Debug|Any CPU
		{31B2717E-C0F5-4F14-9950-1A9B42127C30}.Debug|Any CPU.Build.0 = Debug|Any CPU
		{31B2717E-C0F5-4F14-9950-1A9B42127C30}.Release|Any CPU.ActiveCfg = Release|Any CPU
		{31B2717E-C0F5-4F14-9950-1A9B42127C30}.Release|Any CPU.Build.0 = Release|Any CPU
		{12B1285E-1909-406D-9C6C-1D65CB454834}.Debug|Any CPU.ActiveCfg = Debug|Any CPU
		{12B1285E-1909-406D-9C6C-1D65CB454834}.Debug|Any CPU.Build.0 = Debug|Any CPU
		{12B1285E-1909-406D-9C6C-1D65CB454834}.Release|Any CPU.ActiveCfg = Release|Any CPU
		{12B1285E-1909-406D-9C6C-1D65CB454834}.Release|Any CPU.Build.0 = Release|Any CPU
		{22248174-D48C-4FC5-BB0C-DC9C68C48697}.Debug|Any CPU.ActiveCfg = Debug|Any CPU
		{22248174-D48C-4FC5-BB0C-DC9C68C48697}.Debug|Any CPU.Build.0 = Debug|Any CPU
		{22248174-D48C-4FC5-BB0C-DC9C68C48697}.Release|Any CPU.ActiveCfg = Release|Any CPU
		{22248174-D48C-4FC5-BB0C-DC9C68C48697}.Release|Any CPU.Build.0 = Release|Any CPU
		{49894527-C044-4C77-B415-607574C98669}.Debug|Any CPU.ActiveCfg = Debug|Any CPU
		{49894527-C044-4C77-B415-607574C98669}.Debug|Any CPU.Build.0 = Debug|Any CPU
		{49894527-C044-4C77-B415-607574C98669}.Release|Any CPU.ActiveCfg = Release|Any CPU
		{49894527-C044-4C77-B415-607574C98669}.Release|Any CPU.Build.0 = Release|Any CPU
		{48C5ADCD-0CC1-499D-BE8F-B7744F6B0C56}.Debug|Any CPU.ActiveCfg = Debug|Any CPU
		{48C5ADCD-0CC1-499D-BE8F-B7744F6B0C56}.Debug|Any CPU.Build.0 = Debug|Any CPU
		{48C5ADCD-0CC1-499D-BE8F-B7744F6B0C56}.Release|Any CPU.ActiveCfg = Release|Any CPU
		{48C5ADCD-0CC1-499D-BE8F-B7744F6B0C56}.Release|Any CPU.Build.0 = Release|Any CPU
		{D80C7BF7-AE4F-4D4C-8012-93E51045FD6C}.Debug|Any CPU.ActiveCfg = Debug|Any CPU
		{D80C7BF7-AE4F-4D4C-8012-93E51045FD6C}.Debug|Any CPU.Build.0 = Debug|Any CPU
		{D80C7BF7-AE4F-4D4C-8012-93E51045FD6C}.Release|Any CPU.ActiveCfg = Release|Any CPU
		{D80C7BF7-AE4F-4D4C-8012-93E51045FD6C}.Release|Any CPU.Build.0 = Release|Any CPU
		{3846A9E6-2011-46EC-BBF7-92A28554D4C8}.Debug|Any CPU.ActiveCfg = Debug|Any CPU
		{3846A9E6-2011-46EC-BBF7-92A28554D4C8}.Debug|Any CPU.Build.0 = Debug|Any CPU
		{3846A9E6-2011-46EC-BBF7-92A28554D4C8}.Release|Any CPU.ActiveCfg = Release|Any CPU
		{3846A9E6-2011-46EC-BBF7-92A28554D4C8}.Release|Any CPU.Build.0 = Release|Any CPU
		{B7EAA77B-3624-4458-99BD-55C1B57F246B}.Debug|Any CPU.ActiveCfg = Debug|Any CPU
		{B7EAA77B-3624-4458-99BD-55C1B57F246B}.Debug|Any CPU.Build.0 = Debug|Any CPU
		{B7EAA77B-3624-4458-99BD-55C1B57F246B}.Release|Any CPU.ActiveCfg = Release|Any CPU
		{B7EAA77B-3624-4458-99BD-55C1B57F246B}.Release|Any CPU.Build.0 = Release|Any CPU
		{72E976C6-BE63-41BE-B432-08E5747D59A7}.Debug|Any CPU.ActiveCfg = Debug|Any CPU
		{72E976C6-BE63-41BE-B432-08E5747D59A7}.Debug|Any CPU.Build.0 = Debug|Any CPU
		{72E976C6-BE63-41BE-B432-08E5747D59A7}.Release|Any CPU.ActiveCfg = Release|Any CPU
		{72E976C6-BE63-41BE-B432-08E5747D59A7}.Release|Any CPU.Build.0 = Release|Any CPU
		{B010EA00-4CD4-4ABE-979C-7545735DE69F}.Debug|Any CPU.ActiveCfg = Debug|Any CPU
		{B010EA00-4CD4-4ABE-979C-7545735DE69F}.Debug|Any CPU.Build.0 = Debug|Any CPU
		{B010EA00-4CD4-4ABE-979C-7545735DE69F}.Release|Any CPU.ActiveCfg = Release|Any CPU
		{B010EA00-4CD4-4ABE-979C-7545735DE69F}.Release|Any CPU.Build.0 = Release|Any CPU
		{CC794C31-313A-484E-8CA8-6550E321D2A5}.Debug|Any CPU.ActiveCfg = Debug|Any CPU
		{CC794C31-313A-484E-8CA8-6550E321D2A5}.Debug|Any CPU.Build.0 = Debug|Any CPU
		{CC794C31-313A-484E-8CA8-6550E321D2A5}.Release|Any CPU.ActiveCfg = Release|Any CPU
		{CC794C31-313A-484E-8CA8-6550E321D2A5}.Release|Any CPU.Build.0 = Release|Any CPU
		{27D5B0E1-0F17-4CAB-B804-4C18985E0519}.Debug|Any CPU.ActiveCfg = Debug|Any CPU
		{27D5B0E1-0F17-4CAB-B804-4C18985E0519}.Debug|Any CPU.Build.0 = Debug|Any CPU
		{27D5B0E1-0F17-4CAB-B804-4C18985E0519}.Release|Any CPU.ActiveCfg = Release|Any CPU
		{27D5B0E1-0F17-4CAB-B804-4C18985E0519}.Release|Any CPU.Build.0 = Release|Any CPU
		{69BD6C5C-719C-4CD2-829A-EC41EC4BB033}.Debug|Any CPU.ActiveCfg = Debug|Any CPU
		{69BD6C5C-719C-4CD2-829A-EC41EC4BB033}.Debug|Any CPU.Build.0 = Debug|Any CPU
		{69BD6C5C-719C-4CD2-829A-EC41EC4BB033}.Release|Any CPU.ActiveCfg = Release|Any CPU
		{69BD6C5C-719C-4CD2-829A-EC41EC4BB033}.Release|Any CPU.Build.0 = Release|Any CPU
		{18D1F41B-5C40-4FC4-B4E7-4E04093363F4}.Debug|Any CPU.ActiveCfg = Debug|Any CPU
		{18D1F41B-5C40-4FC4-B4E7-4E04093363F4}.Debug|Any CPU.Build.0 = Debug|Any CPU
		{18D1F41B-5C40-4FC4-B4E7-4E04093363F4}.Release|Any CPU.ActiveCfg = Release|Any CPU
		{18D1F41B-5C40-4FC4-B4E7-4E04093363F4}.Release|Any CPU.Build.0 = Release|Any CPU
	EndGlobalSection
	GlobalSection(SolutionProperties) = preSolution
		HideSolutionNode = FALSE
	EndGlobalSection
	GlobalSection(NestedProjects) = preSolution
		{71EDC843-B7FC-4CD9-AF76-5CE03C990669} = {CDF967FC-DCC5-4259-A34E-BE9450577EDC}
		{2631AAEC-1CB4-4B0E-B986-594C0BC94694} = {CDF967FC-DCC5-4259-A34E-BE9450577EDC}
		{4437F5E1-D04B-4FEC-A26A-105226846751} = {CDF967FC-DCC5-4259-A34E-BE9450577EDC}
		{D9EBF62A-CBA7-4467-81C4-08E6E9E1B3FC} = {CDF967FC-DCC5-4259-A34E-BE9450577EDC}
		{0191BDF5-5894-493C-BB60-982D4182D72E} = {329B615A-A036-4278-827E-029C86839FB8}
		{32CB6F4D-41A9-48A1-9F0A-41328FFA523F} = {329B615A-A036-4278-827E-029C86839FB8}
		{F9E4BAF5-BFB9-4747-A470-4198FC6EB5C9} = {329B615A-A036-4278-827E-029C86839FB8}
		{3C750941-3924-48B1-B601-D26B073E3B63} = {329B615A-A036-4278-827E-029C86839FB8}
		{31B2717E-C0F5-4F14-9950-1A9B42127C30} = {329B615A-A036-4278-827E-029C86839FB8}
		{12B1285E-1909-406D-9C6C-1D65CB454834} = {329B615A-A036-4278-827E-029C86839FB8}
		{3D523F60-7F85-426D-A5B0-CECE876D11F2} = {EA9BC5F8-6F64-4777-804B-9F207BBF05BA}
		{329B615A-A036-4278-827E-029C86839FB8} = {EA9BC5F8-6F64-4777-804B-9F207BBF05BA}
		{22248174-D48C-4FC5-BB0C-DC9C68C48697} = {329B615A-A036-4278-827E-029C86839FB8}
		{49894527-C044-4C77-B415-607574C98669} = {3D523F60-7F85-426D-A5B0-CECE876D11F2}
		{48C5ADCD-0CC1-499D-BE8F-B7744F6B0C56} = {3D523F60-7F85-426D-A5B0-CECE876D11F2}
		{D80C7BF7-AE4F-4D4C-8012-93E51045FD6C} = {329B615A-A036-4278-827E-029C86839FB8}
		{3846A9E6-2011-46EC-BBF7-92A28554D4C8} = {329B615A-A036-4278-827E-029C86839FB8}
		{B7EAA77B-3624-4458-99BD-55C1B57F246B} = {EA9BC5F8-6F64-4777-804B-9F207BBF05BA}
	EndGlobalSection
	GlobalSection(ExtensibilityGlobals) = postSolution
		SolutionGuid = {A2FE0C2A-DCA1-497C-9147-CE38CE018033}
	EndGlobalSection
EndGlobal
